// !$*UTF8*$!
{
	archiveVersion = 1;
	classes = {
	};
	objectVersion = 50;
	objects = {

/* Begin PBXBuildFile section */
		C5162C6B26691B4B0066AB06 /* AppDelegate.swift in Sources */ = {isa = PBXBuildFile; fileRef = C5162C6A26691B4B0066AB06 /* AppDelegate.swift */; };
		C5162C6D26691B4B0066AB06 /* SceneDelegate.swift in Sources */ = {isa = PBXBuildFile; fileRef = C5162C6C26691B4B0066AB06 /* SceneDelegate.swift */; };
		C5162C6F26691B4B0066AB06 /* ViewController.swift in Sources */ = {isa = PBXBuildFile; fileRef = C5162C6E26691B4B0066AB06 /* ViewController.swift */; };
		C5162C7226691B4B0066AB06 /* Main.storyboard in Resources */ = {isa = PBXBuildFile; fileRef = C5162C7026691B4B0066AB06 /* Main.storyboard */; };
		C5162C7426691B4E0066AB06 /* Assets.xcassets in Resources */ = {isa = PBXBuildFile; fileRef = C5162C7326691B4E0066AB06 /* Assets.xcassets */; };
		C5162C7726691B4E0066AB06 /* LaunchScreen.storyboard in Resources */ = {isa = PBXBuildFile; fileRef = C5162C7526691B4E0066AB06 /* LaunchScreen.storyboard */; };
		C5162CAF266A6D960066AB06 /* CollectionViewCell.swift in Sources */ = {isa = PBXBuildFile; fileRef = C5162CAD266A6D960066AB06 /* CollectionViewCell.swift */; };
		C5162CB0266A6D960066AB06 /* CollectionViewCell.xib in Resources */ = {isa = PBXBuildFile; fileRef = C5162CAE266A6D960066AB06 /* CollectionViewCell.xib */; };
/* End PBXBuildFile section */

/* Begin PBXFileReference section */
		C5162C6726691B4B0066AB06 /* PhotoInCollection.app */ = {isa = PBXFileReference; explicitFileType = wrapper.application; includeInIndex = 0; path = PhotoInCollection.app; sourceTree = BUILT_PRODUCTS_DIR; };
		C5162C6A26691B4B0066AB06 /* AppDelegate.swift */ = {isa = PBXFileReference; lastKnownFileType = sourcecode.swift; path = AppDelegate.swift; sourceTree = "<group>"; };
		C5162C6C26691B4B0066AB06 /* SceneDelegate.swift */ = {isa = PBXFileReference; lastKnownFileType = sourcecode.swift; path = SceneDelegate.swift; sourceTree = "<group>"; };
		C5162C6E26691B4B0066AB06 /* ViewController.swift */ = {isa = PBXFileReference; lastKnownFileType = sourcecode.swift; path = ViewController.swift; sourceTree = "<group>"; };
		C5162C7126691B4B0066AB06 /* Base */ = {isa = PBXFileReference; lastKnownFileType = file.storyboard; name = Base; path = Base.lproj/Main.storyboard; sourceTree = "<group>"; };
		C5162C7326691B4E0066AB06 /* Assets.xcassets */ = {isa = PBXFileReference; lastKnownFileType = folder.assetcatalog; path = Assets.xcassets; sourceTree = "<group>"; };
		C5162C7626691B4E0066AB06 /* Base */ = {isa = PBXFileReference; lastKnownFileType = file.storyboard; name = Base; path = Base.lproj/LaunchScreen.storyboard; sourceTree = "<group>"; };
		C5162C7826691B4E0066AB06 /* Info.plist */ = {isa = PBXFileReference; lastKnownFileType = text.plist.xml; path = Info.plist; sourceTree = "<group>"; };
		C5162CAD266A6D960066AB06 /* CollectionViewCell.swift */ = {isa = PBXFileReference; lastKnownFileType = sourcecode.swift; path = CollectionViewCell.swift; sourceTree = "<group>"; };
		C5162CAE266A6D960066AB06 /* CollectionViewCell.xib */ = {isa = PBXFileReference; lastKnownFileType = file.xib; path = CollectionViewCell.xib; sourceTree = "<group>"; };
/* End PBXFileReference section */

/* Begin PBXFrameworksBuildPhase section */
		C5162C6426691B4B0066AB06 /* Frameworks */ = {
			isa = PBXFrameworksBuildPhase;
			buildActionMask = 2147483647;
			files = (
			);
			runOnlyForDeploymentPostprocessing = 0;
		};
/* End PBXFrameworksBuildPhase section */

/* Begin PBXGroup section */
		C5162C5E26691B4B0066AB06 = {
			isa = PBXGroup;
			children = (
				C5162C6926691B4B0066AB06 /* PhotoInCollection */,
				C5162C6826691B4B0066AB06 /* Products */,
			);
			sourceTree = "<group>";
		};
		C5162C6826691B4B0066AB06 /* Products */ = {
			isa = PBXGroup;
			children = (
				C5162C6726691B4B0066AB06 /* PhotoInCollection.app */,
			);
			name = Products;
			sourceTree = "<group>";
		};
		C5162C6926691B4B0066AB06 /* PhotoInCollection */ = {
			isa = PBXGroup;
			children = (
				C5162C6A26691B4B0066AB06 /* AppDelegate.swift */,
				C5162C6C26691B4B0066AB06 /* SceneDelegate.swift */,
				C5162C6E26691B4B0066AB06 /* ViewController.swift */,
				C5162C7026691B4B0066AB06 /* Main.storyboard */,
				C5162C7326691B4E0066AB06 /* Assets.xcassets */,
				C5162C7526691B4E0066AB06 /* LaunchScreen.storyboard */,
				C5162C7826691B4E0066AB06 /* Info.plist */,
				C5162CAD266A6D960066AB06 /* CollectionViewCell.swift */,
				C5162CAE266A6D960066AB06 /* CollectionViewCell.xib */,
			);
			path = PhotoInCollection;
			sourceTree = "<group>";
		};
/* End PBXGroup section */

/* Begin PBXNativeTarget section */
		C5162C6626691B4B0066AB06 /* PhotoInCollection */ = {
			isa = PBXNativeTarget;
			buildConfigurationList = C5162C7B26691B4E0066AB06 /* Build configuration list for PBXNativeTarget "PhotoInCollection" */;
			buildPhases = (
				C5162C6326691B4B0066AB06 /* Sources */,
				C5162C6426691B4B0066AB06 /* Frameworks */,
				C5162C6526691B4B0066AB06 /* Resources */,
			);
			buildRules = (
			);
			dependencies = (
			);
			name = PhotoInCollection;
			productName = PhotoInCollection;
			productReference = C5162C6726691B4B0066AB06 /* PhotoInCollection.app */;
			productType = "com.apple.product-type.application";
		};
/* End PBXNativeTarget section */

/* Begin PBXProject section */
		C5162C5F26691B4B0066AB06 /* Project object */ = {
			isa = PBXProject;
			attributes = {
				LastSwiftUpdateCheck = 1220;
				LastUpgradeCheck = 1220;
				TargetAttributes = {
					C5162C6626691B4B0066AB06 = {
						CreatedOnToolsVersion = 12.2;
					};
				};
			};
			buildConfigurationList = C5162C6226691B4B0066AB06 /* Build configuration list for PBXProject "PhotoInCollection" */;
			compatibilityVersion = "Xcode 9.3";
			developmentRegion = en;
			hasScannedForEncodings = 0;
			knownRegions = (
				en,
				Base,
			);
			mainGroup = C5162C5E26691B4B0066AB06;
			productRefGroup = C5162C6826691B4B0066AB06 /* Products */;
			projectDirPath = "";
			projectRoot = "";
			targets = (
				C5162C6626691B4B0066AB06 /* PhotoInCollection */,
			);
		};
/* End PBXProject section */

/* Begin PBXResourcesBuildPhase section */
		C5162C6526691B4B0066AB06 /* Resources */ = {
			isa = PBXResourcesBuildPhase;
			buildActionMask = 2147483647;
			files = (
				C5162C7726691B4E0066AB06 /* LaunchScreen.storyboard in Resources */,
				C5162C7426691B4E0066AB06 /* Assets.xcassets in Resources */,
				C5162CB0266A6D960066AB06 /* CollectionViewCell.xib in Resources */,
				C5162C7226691B4B0066AB06 /* Main.storyboard in Resources */,
			);
			runOnlyForDeploymentPostprocessing = 0;
		};
/* End PBXResourcesBuildPhase section */

/* Begin PBXSourcesBuildPhase section */
		C5162C6326691B4B0066AB06 /* Sources */ = {
			isa = PBXSourcesBuildPhase;
			buildActionMask = 2147483647;
			files = (
				C5162C6F26691B4B0066AB06 /* ViewController.swift in Sources */,
				C5162C6B26691B4B0066AB06 /* AppDelegate.swift in Sources */,
				C5162CAF266A6D960066AB06 /* CollectionViewCell.swift in Sources */,
				C5162C6D26691B4B0066AB06 /* SceneDelegate.swift in Sources */,
			);
			runOnlyForDeploymentPostprocessing = 0;
		};
/* End PBXSourcesBuildPhase section */

/* Begin PBXVariantGroup section */
		C5162C7026691B4B0066AB06 /* Main.storyboard */ = {
			isa = PBXVariantGroup;
			children = (
				C5162C7126691B4B0066AB06 /* Base */,
			);
			name = Main.storyboard;
			sourceTree = "<group>";
		};
		C5162C7526691B4E0066AB06 /* LaunchScreen.storyboard */ = {
			isa = PBXVariantGroup;
			children = (
				C5162C7626691B4E0066AB06 /* Base */,
			);
			name = LaunchScreen.storyboard;
			sourceTree = "<group>";
		};
/* End PBXVariantGroup section */

/* Begin XCBuildConfiguration section */
		C5162C7926691B4E0066AB06 /* Debug */ = {
			isa = XCBuildConfiguration;
			buildSettings = {
				ALWAYS_SEARCH_USER_PATHS = NO;
				CLANG_ANALYZER_NONNULL = YES;
				CLANG_ANALYZER_NUMBER_OBJECT_CONVERSION = YES_AGGRESSIVE;
				CLANG_CXX_LANGUAGE_STANDARD = "gnu++14";
				CLANG_CXX_LIBRARY = "libc++";
				CLANG_ENABLE_MODULES = YES;
				CLANG_ENABLE_OBJC_ARC = YES;
				CLANG_ENABLE_OBJC_WEAK = YES;
				CLANG_WARN_BLOCK_CAPTURE_AUTORELEASING = YES;
				CLANG_WARN_BOOL_CONVERSION = YES;
				CLANG_WARN_COMMA = YES;
				CLANG_WARN_CONSTANT_CONVERSION = YES;
				CLANG_WARN_DEPRECATED_OBJC_IMPLEMENTATIONS = YES;
				CLANG_WARN_DIRECT_OBJC_ISA_USAGE = YES_ERROR;
				CLANG_WARN_DOCUMENTATION_COMMENTS = YES;
				CLANG_WARN_EMPTY_BODY = YES;
				CLANG_WARN_ENUM_CONVERSION = YES;
				CLANG_WARN_INFINITE_RECURSION = YES;
				CLANG_WARN_INT_CONVERSION = YES;
				CLANG_WARN_NON_LITERAL_NULL_CONVERSION = YES;
				CLANG_WARN_OBJC_IMPLICIT_RETAIN_SELF = YES;
				CLANG_WARN_OBJC_LITERAL_CONVERSION = YES;
				CLANG_WARN_OBJC_ROOT_CLASS = YES_ERROR;
				CLANG_WARN_QUOTED_INCLUDE_IN_FRAMEWORK_HEADER = YES;
				CLANG_WARN_RANGE_LOOP_ANALYSIS = YES;
				CLANG_WARN_STRICT_PROTOTYPES = YES;
				CLANG_WARN_SUSPICIOUS_MOVE = YES;
				CLANG_WARN_UNGUARDED_AVAILABILITY = YES_AGGRESSIVE;
				CLANG_WARN_UNREACHABLE_CODE = YES;
				CLANG_WARN__DUPLICATE_METHOD_MATCH = YES;
				COPY_PHASE_STRIP = NO;
				DEBUG_INFORMATION_FORMAT = dwarf;
				ENABLE_STRICT_OBJC_MSGSEND = YES;
				ENABLE_TESTABILITY = YES;
				GCC_C_LANGUAGE_STANDARD = gnu11;
				GCC_DYNAMIC_NO_PIC = NO;
				GCC_NO_COMMON_BLOCKS = YES;
				GCC_OPTIMIZATION_LEVEL = 0;
				GCC_PREPROCESSOR_DEFINITIONS = (
					"DEBUG=1",
					"$(inherited)",
				);
				GCC_WARN_64_TO_32_BIT_CONVERSION = YES;
				GCC_WARN_ABOUT_RETURN_TYPE = YES_ERROR;
				GCC_WARN_UNDECLARED_SELECTOR = YES;
				GCC_WARN_UNINITIALIZED_AUTOS = YES_AGGRESSIVE;
				GCC_WARN_UNUSED_FUNCTION = YES;
				GCC_WARN_UNUSED_VARIABLE = YES;
				IPHONEOS_DEPLOYMENT_TARGET = 14.2;
				MTL_ENABLE_DEBUG_INFO = INCLUDE_SOURCE;
				MTL_FAST_MATH = YES;
				ONLY_ACTIVE_ARCH = YES;
				SDKROOT = iphoneos;
				SWIFT_ACTIVE_COMPILATION_CONDITIONS = DEBUG;
				SWIFT_OPTIMIZATION_LEVEL = "-Onone";
			};
			name = Debug;
		};
		C5162C7A26691B4E0066AB06 /* Release */ = {
			isa = XCBuildConfiguration;
			buildSettings = {
				ALWAYS_SEARCH_USER_PATHS = NO;
				CLANG_ANALYZER_NONNULL = YES;
				CLANG_ANALYZER_NUMBER_OBJECT_CONVERSION = YES_AGGRESSIVE;
				CLANG_CXX_LANGUAGE_STANDARD = "gnu++14";
				CLANG_CXX_LIBRARY = "libc++";
				CLANG_ENABLE_MODULES = YES;
				CLANG_ENABLE_OBJC_ARC = YES;
				CLANG_ENABLE_OBJC_WEAK = YES;
				CLANG_WARN_BLOCK_CAPTURE_AUTORELEASING = YES;
				CLANG_WARN_BOOL_CONVERSION = YES;
				CLANG_WARN_COMMA = YES;
				CLANG_WARN_CONSTANT_CONVERSION = YES;
				CLANG_WARN_DEPRECATED_OBJC_IMPLEMENTATIONS = YES;
				CLANG_WARN_DIRECT_OBJC_ISA_USAGE = YES_ERROR;
				CLANG_WARN_DOCUMENTATION_COMMENTS = YES;
				CLANG_WARN_EMPTY_BODY = YES;
				CLANG_WARN_ENUM_CONVERSION = YES;
				CLANG_WARN_INFINITE_RECURSION = YES;
				CLANG_WARN_INT_CONVERSION = YES;
				CLANG_WARN_NON_LITERAL_NULL_CONVERSION = YES;
				CLANG_WARN_OBJC_IMPLICIT_RETAIN_SELF = YES;
				CLANG_WARN_OBJC_LITERAL_CONVERSION = YES;
				CLANG_WARN_OBJC_ROOT_CLASS = YES_ERROR;
				CLANG_WARN_QUOTED_INCLUDE_IN_FRAMEWORK_HEADER = YES;
				CLANG_WARN_RANGE_LOOP_ANALYSIS = YES;
				CLANG_WARN_STRICT_PROTOTYPES = YES;
				CLANG_WARN_SUSPICIOUS_MOVE = YES;
				CLANG_WARN_UNGUARDED_AVAILABILITY = YES_AGGRESSIVE;
				CLANG_WARN_UNREACHABLE_CODE = YES;
				CLANG_WARN__DUPLICATE_METHOD_MATCH = YES;
				COPY_PHASE_STRIP = NO;
				DEBUG_INFORMATION_FORMAT = "dwarf-with-dsym";
				ENABLE_NS_ASSERTIONS = NO;
				ENABLE_STRICT_OBJC_MSGSEND = YES;
				GCC_C_LANGUAGE_STANDARD = gnu11;
				GCC_NO_COMMON_BLOCKS = YES;
				GCC_WARN_64_TO_32_BIT_CONVERSION = YES;
				GCC_WARN_ABOUT_RETURN_TYPE = YES_ERROR;
				GCC_WARN_UNDECLARED_SELECTOR = YES;
				GCC_WARN_UNINITIALIZED_AUTOS = YES_AGGRESSIVE;
				GCC_WARN_UNUSED_FUNCTION = YES;
				GCC_WARN_UNUSED_VARIABLE = YES;
				IPHONEOS_DEPLOYMENT_TARGET = 14.2;
				MTL_ENABLE_DEBUG_INFO = NO;
				MTL_FAST_MATH = YES;
				SDKROOT = iphoneos;
				SWIFT_COMPILATION_MODE = wholemodule;
				SWIFT_OPTIMIZATION_LEVEL = "-O";
				VALIDATE_PRODUCT = YES;
			};
			name = Release;
		};
		C5162C7C26691B4E0066AB06 /* Debug */ = {
			isa = XCBuildConfiguration;
			buildSettings = {
				ASSETCATALOG_COMPILER_APPICON_NAME = AppIcon;
				ASSETCATALOG_COMPILER_GLOBAL_ACCENT_COLOR_NAME = AccentColor;
				CODE_SIGN_STYLE = Automatic;
				INFOPLIST_FILE = PhotoInCollection/Info.plist;
				LD_RUNPATH_SEARCH_PATHS = (
					"$(inherited)",
					"@executable_path/Frameworks",
				);
				PRODUCT_BUNDLE_IDENTIFIER = com.romatest.PhotoInCollection;
				PRODUCT_NAME = "$(TARGET_NAME)";
				SWIFT_VERSION = 5.0;
				TARGETED_DEVICE_FAMILY = "1,2";
			};
			name = Debug;
		};
		C5162C7D26691B4E0066AB06 /* Release */ = {
			isa = XCBuildConfiguration;
			buildSettings = {
				ASSETCATALOG_COMPILER_APPICON_NAME = AppIcon;
				ASSETCATALOG_COMPILER_GLOBAL_ACCENT_COLOR_NAME = AccentColor;
				CODE_SIGN_STYLE = Automatic;
				INFOPLIST_FILE = PhotoInCollection/Info.plist;
				LD_RUNPATH_SEARCH_PATHS = (
					"$(inherited)",
					"@executable_path/Frameworks",
				);
				PRODUCT_BUNDLE_IDENTIFIER = com.romatest.PhotoInCollection;
				PRODUCT_NAME = "$(TARGET_NAME)";
				SWIFT_VERSION = 5.0;
				TARGETED_DEVICE_FAMILY = "1,2";
			};
			name = Release;
		};
/* End XCBuildConfiguration section */

/* Begin XCConfigurationList section */
		C5162C6226691B4B0066AB06 /* Build configuration list for PBXProject "PhotoInCollection" */ = {
			isa = XCConfigurationList;
			buildConfigurations = (
				C5162C7926691B4E0066AB06 /* Debug */,
				C5162C7A26691B4E0066AB06 /* Release */,
			);
			defaultConfigurationIsVisible = 0;
			defaultConfigurationName = Release;
		};
		C5162C7B26691B4E0066AB06 /* Build configuration list for PBXNativeTarget "PhotoInCollection" */ = {
			isa = XCConfigurationList;
			buildConfigurations = (
				C5162C7C26691B4E0066AB06 /* Debug */,
				C5162C7D26691B4E0066AB06 /* Release */,
			);
			defaultConfigurationIsVisible = 0;
			defaultConfigurationName = Release;
		};
/* End XCConfigurationList section */
	};
	rootObject = C5162C5F26691B4B0066AB06 /* Project object */;
}
